
Microsoft Visual Studio Solution File, Format Version 12.00
# Visual Studio Version 16
VisualStudioVersion = 16.0.31105.61
MinimumVisualStudioVersion = 10.0.40219.1
Project("{FAE04EC0-301F-11D3-BF4B-00C04F79EFBC}") = "Consecutive sum", "Consecutive sum\Consecutive sum.csproj", "{81CEA8E7-63D7-4685-9139-64FE344867D4}"
EndProject
Global
	GlobalSection(SolutionConfigurationPlatforms) = preSolution
		Debug|Any CPU = Debug|Any CPU
		Release|Any CPU = Release|Any CPU
	EndGlobalSection
	GlobalSection(ProjectConfigurationPlatforms) = postSolution
		{81CEA8E7-63D7-4685-9139-64FE344867D4}.Debug|Any CPU.ActiveCfg = Debug|Any CPU
		{81CEA8E7-63D7-4685-9139-64FE344867D4}.Debug|Any CPU.Build.0 = Debug|Any CPU
		{81CEA8E7-63D7-4685-9139-64FE344867D4}.Release|Any CPU.ActiveCfg = Release|Any CPU
		{81CEA8E7-63D7-4685-9139-64FE344867D4}.Release|Any CPU.Build.0 = Release|Any CPU
	EndGlobalSection
	GlobalSection(SolutionProperties) = preSolution
		HideSolutionNode = FALSE
	EndGlobalSection
	GlobalSection(ExtensibilityGlobals) = postSolution
		SolutionGuid = {A66A044F-F3C5-4F25-ACDD-0ADEF6B8A035}
	EndGlobalSection
EndGlobal
